
Microsoft Visual Studio Solution File, Format Version 12.00
# Visual Studio Version 16
VisualStudioVersion = 16.0.29806.167
MinimumVisualStudioVersion = 10.0.40219.1
Project("{FAE04EC0-301F-11D3-BF4B-00C04F79EFBC}") = "OrderManagementConsoleApp", "OrderManagementConsoleApp\OrderManagementConsoleApp.csproj", "{FD07A221-23CF-4DEE-98B2-79B9A20F542C}"
EndProject
Project("{9A19103F-16F7-4668-BE54-9A1E7A4F7556}") = "OrderManagement.Services", "OrderManagement.Services\OrderManagement.Services.csproj", "{FC3BC50D-D72E-49D5-9773-640E70603AB8}"
EndProject
Project("{FAE04EC0-301F-11D3-BF4B-00C04F79EFBC}") = "OrderManagement.DataAccess.Contract", "OrderManagement.DataAccess.Contract\OrderManagement.DataAccess.Contract.csproj", "{23C509B3-DC9A-46A0-8699-E90B5B8BE23F}"
EndProject
Project("{FAE04EC0-301F-11D3-BF4B-00C04F79EFBC}") = "OrderManagement.DataAccess", "OrderManagement.DataAccess\OrderManagement.DataAccess.csproj", "{D3BC05CC-3A2C-4CFF-B7EC-28068D9DD605}"
EndProject
Project("{FAE04EC0-301F-11D3-BF4B-00C04F79EFBC}") = "OrderManagement.Tests", "OrderManagement.Tests\OrderManagement.Tests.csproj", "{EF872A95-12BB-4378-9F85-37F13299F62D}"
EndProject
Global
	GlobalSection(SolutionConfigurationPlatforms) = preSolution
		Debug|Any CPU = Debug|Any CPU
		Release|Any CPU = Release|Any CPU
	EndGlobalSection
	GlobalSection(ProjectConfigurationPlatforms) = postSolution
		{FD07A221-23CF-4DEE-98B2-79B9A20F542C}.Debug|Any CPU.ActiveCfg = Debug|Any CPU
		{FD07A221-23CF-4DEE-98B2-79B9A20F542C}.Debug|Any CPU.Build.0 = Debug|Any CPU
		{FD07A221-23CF-4DEE-98B2-79B9A20F542C}.Release|Any CPU.ActiveCfg = Release|Any CPU
		{FD07A221-23CF-4DEE-98B2-79B9A20F542C}.Release|Any CPU.Build.0 = Release|Any CPU
		{FC3BC50D-D72E-49D5-9773-640E70603AB8}.Debug|Any CPU.ActiveCfg = Debug|Any CPU
		{FC3BC50D-D72E-49D5-9773-640E70603AB8}.Debug|Any CPU.Build.0 = Debug|Any CPU
		{FC3BC50D-D72E-49D5-9773-640E70603AB8}.Release|Any CPU.ActiveCfg = Release|Any CPU
		{FC3BC50D-D72E-49D5-9773-640E70603AB8}.Release|Any CPU.Build.0 = Release|Any CPU
		{23C509B3-DC9A-46A0-8699-E90B5B8BE23F}.Debug|Any CPU.ActiveCfg = Debug|Any CPU
		{23C509B3-DC9A-46A0-8699-E90B5B8BE23F}.Debug|Any CPU.Build.0 = Debug|Any CPU
		{23C509B3-DC9A-46A0-8699-E90B5B8BE23F}.Release|Any CPU.ActiveCfg = Release|Any CPU
		{23C509B3-DC9A-46A0-8699-E90B5B8BE23F}.Release|Any CPU.Build.0 = Release|Any CPU
		{D3BC05CC-3A2C-4CFF-B7EC-28068D9DD605}.Debug|Any CPU.ActiveCfg = Debug|Any CPU
		{D3BC05CC-3A2C-4CFF-B7EC-28068D9DD605}.Debug|Any CPU.Build.0 = Debug|Any CPU
		{D3BC05CC-3A2C-4CFF-B7EC-28068D9DD605}.Release|Any CPU.ActiveCfg = Release|Any CPU
		{D3BC05CC-3A2C-4CFF-B7EC-28068D9DD605}.Release|Any CPU.Build.0 = Release|Any CPU
		{EF872A95-12BB-4378-9F85-37F13299F62D}.Debug|Any CPU.ActiveCfg = Debug|Any CPU
		{EF872A95-12BB-4378-9F85-37F13299F62D}.Debug|Any CPU.Build.0 = Debug|Any CPU
		{EF872A95-12BB-4378-9F85-37F13299F62D}.Release|Any CPU.ActiveCfg = Release|Any CPU
		{EF872A95-12BB-4378-9F85-37F13299F62D}.Release|Any CPU.Build.0 = Release|Any CPU
	EndGlobalSection
	GlobalSection(SolutionProperties) = preSolution
		HideSolutionNode = FALSE
	EndGlobalSection
	GlobalSection(ExtensibilityGlobals) = postSolution
		SolutionGuid = {8C11288A-04D7-4947-BAB5-90C9B7358C1F}
	EndGlobalSection
EndGlobal
