
Microsoft Visual Studio Solution File, Format Version 12.00
# Visual Studio Version 16
VisualStudioVersion = 16.0.29806.167
MinimumVisualStudioVersion = 10.0.40219.1
Project("{FAE04EC0-301F-11D3-BF4B-00C04F79EFBC}") = "DIContainer", "DIContainer\DIContainer.csproj", "{F7016A83-587F-4A3E-91A4-1CEF049848B1}"
EndProject
Project("{FAE04EC0-301F-11D3-BF4B-00C04F79EFBC}") = "CoreProject", "CoreProject\CoreProject.csproj", "{B3E62D33-522E-4656-8835-F9BE8BADC881}"
EndProject
Project("{FAE04EC0-301F-11D3-BF4B-00C04F79EFBC}") = "Di.Impl", "Di.Impl\Di.Impl.csproj", "{C82D419D-B94F-4E88-90D0-A687F9D208E7}"
EndProject
Global
	GlobalSection(SolutionConfigurationPlatforms) = preSolution
		Debug|Any CPU = Debug|Any CPU
		Release|Any CPU = Release|Any CPU
	EndGlobalSection
	GlobalSection(ProjectConfigurationPlatforms) = postSolution
		{F7016A83-587F-4A3E-91A4-1CEF049848B1}.Debug|Any CPU.ActiveCfg = Debug|Any CPU
		{F7016A83-587F-4A3E-91A4-1CEF049848B1}.Debug|Any CPU.Build.0 = Debug|Any CPU
		{F7016A83-587F-4A3E-91A4-1CEF049848B1}.Release|Any CPU.ActiveCfg = Release|Any CPU
		{F7016A83-587F-4A3E-91A4-1CEF049848B1}.Release|Any CPU.Build.0 = Release|Any CPU
		{B3E62D33-522E-4656-8835-F9BE8BADC881}.Debug|Any CPU.ActiveCfg = Debug|Any CPU
		{B3E62D33-522E-4656-8835-F9BE8BADC881}.Debug|Any CPU.Build.0 = Debug|Any CPU
		{B3E62D33-522E-4656-8835-F9BE8BADC881}.Release|Any CPU.ActiveCfg = Release|Any CPU
		{B3E62D33-522E-4656-8835-F9BE8BADC881}.Release|Any CPU.Build.0 = Release|Any CPU
		{C82D419D-B94F-4E88-90D0-A687F9D208E7}.Debug|Any CPU.ActiveCfg = Debug|Any CPU
		{C82D419D-B94F-4E88-90D0-A687F9D208E7}.Debug|Any CPU.Build.0 = Debug|Any CPU
		{C82D419D-B94F-4E88-90D0-A687F9D208E7}.Release|Any CPU.ActiveCfg = Release|Any CPU
		{C82D419D-B94F-4E88-90D0-A687F9D208E7}.Release|Any CPU.Build.0 = Release|Any CPU
	EndGlobalSection
	GlobalSection(SolutionProperties) = preSolution
		HideSolutionNode = FALSE
	EndGlobalSection
	GlobalSection(ExtensibilityGlobals) = postSolution
		SolutionGuid = {49ED7FF6-58E7-4A77-8AC2-EE711D85E5A7}
	EndGlobalSection
EndGlobal
